
Microsoft Visual Studio Solution File, Format Version 12.00
# Visual Studio Version 16
VisualStudioVersion = 16.0.31702.278
MinimumVisualStudioVersion = 10.0.40219.1
Project("{FAE04EC0-301F-11D3-BF4B-00C04F79EFBC}") = "IlanTakip", "IlanTakip\IlanTakip.csproj", "{355F230E-F209-44ED-B347-BE5593364762}"
EndProject
Project("{FAE04EC0-301F-11D3-BF4B-00C04F79EFBC}") = "Entities", "Entities\Entities.csproj", "{91A96C20-FFC7-4C3B-AC7D-19F11B2D2D92}"
EndProject
Project("{FAE04EC0-301F-11D3-BF4B-00C04F79EFBC}") = "DataAcessLayer", "DataAcessLayer\DataAcessLayer.csproj", "{8D75E0A9-47D9-4B6A-BEE3-114D2A81973E}"
EndProject
Project("{FAE04EC0-301F-11D3-BF4B-00C04F79EFBC}") = "BusinessLayer", "BusinessLayer\BusinessLayer.csproj", "{D40D9809-D4AA-4B68-BA47-87BBB624A4AC}"
EndProject
Global
	GlobalSection(SolutionConfigurationPlatforms) = preSolution
		Debug|Any CPU = Debug|Any CPU
		Release|Any CPU = Release|Any CPU
	EndGlobalSection
	GlobalSection(ProjectConfigurationPlatforms) = postSolution
		{355F230E-F209-44ED-B347-BE5593364762}.Debug|Any CPU.ActiveCfg = Debug|Any CPU
		{355F230E-F209-44ED-B347-BE5593364762}.Debug|Any CPU.Build.0 = Debug|Any CPU
		{355F230E-F209-44ED-B347-BE5593364762}.Release|Any CPU.ActiveCfg = Release|Any CPU
		{355F230E-F209-44ED-B347-BE5593364762}.Release|Any CPU.Build.0 = Release|Any CPU
		{91A96C20-FFC7-4C3B-AC7D-19F11B2D2D92}.Debug|Any CPU.ActiveCfg = Debug|Any CPU
		{91A96C20-FFC7-4C3B-AC7D-19F11B2D2D92}.Debug|Any CPU.Build.0 = Debug|Any CPU
		{91A96C20-FFC7-4C3B-AC7D-19F11B2D2D92}.Release|Any CPU.ActiveCfg = Release|Any CPU
		{91A96C20-FFC7-4C3B-AC7D-19F11B2D2D92}.Release|Any CPU.Build.0 = Release|Any CPU
		{8D75E0A9-47D9-4B6A-BEE3-114D2A81973E}.Debug|Any CPU.ActiveCfg = Debug|Any CPU
		{8D75E0A9-47D9-4B6A-BEE3-114D2A81973E}.Debug|Any CPU.Build.0 = Debug|Any CPU
		{8D75E0A9-47D9-4B6A-BEE3-114D2A81973E}.Release|Any CPU.ActiveCfg = Release|Any CPU
		{8D75E0A9-47D9-4B6A-BEE3-114D2A81973E}.Release|Any CPU.Build.0 = Release|Any CPU
		{D40D9809-D4AA-4B68-BA47-87BBB624A4AC}.Debug|Any CPU.ActiveCfg = Debug|Any CPU
		{D40D9809-D4AA-4B68-BA47-87BBB624A4AC}.Debug|Any CPU.Build.0 = Debug|Any CPU
		{D40D9809-D4AA-4B68-BA47-87BBB624A4AC}.Release|Any CPU.ActiveCfg = Release|Any CPU
		{D40D9809-D4AA-4B68-BA47-87BBB624A4AC}.Release|Any CPU.Build.0 = Release|Any CPU
	EndGlobalSection
	GlobalSection(SolutionProperties) = preSolution
		HideSolutionNode = FALSE
	EndGlobalSection
	GlobalSection(ExtensibilityGlobals) = postSolution
		SolutionGuid = {606EF5E5-7D6F-4EE6-8D44-8F66EF9AF0E0}
	EndGlobalSection
EndGlobal
